// !$*UTF8*$!
{
	archiveVersion = 1;
	classes = {
	};
	objectVersion = 60;
	objects = {

/* Begin PBXBuildFile section */
		1A3B3F201BE9D4F200C5A7C5 /* MySearchBuddyApp.swift in Sources */ = {isa = PBXBuildFile; fileRef = 1A3B3F191BE9D4F200C5A7C5 /* MySearchBuddyApp.swift */; };
		1A3B3F211BE9D4F200C5A7C5 /* ContentView.swift in Sources */ = {isa = PBXBuildFile; fileRef = 1A3B3F1A1BE9D4F200C5A7C5 /* ContentView.swift */; };
		1A3B3F221BE9D4F200C5A7C5 /* BookmarkStore.swift in Sources */ = {isa = PBXBuildFile; fileRef = 1A3B3F1B1BE9D4F200C5A7C5 /* BookmarkStore.swift */; };
		1A3B3F281BE9D4F200C5A7C5 /* PrivacyInfo.xcprivacy in Resources */ = {isa = PBXBuildFile; fileRef = 1A3B3F271BE9D4F200C5A7C5 /* PrivacyInfo.xcprivacy */; };
		1A3B3F2C1BE9D4F200C5A7C5 /* FinderCoreFFI in Frameworks */ = {isa = PBXBuildFile; productRef = 1A3B3F2B1BE9D4F200C5A7C5 /* FinderCoreFFI */; };
		1A3B3F2E1BE9D4F200C5A7C6 /* libfinder_core.dylib in Frameworks */ = {isa = PBXBuildFile; fileRef = 1A3B3F2F1BE9D4F200C5A7C7 /* libfinder_core.dylib */; };
		1AC5F0021C23456800ABCDEF /* SearchViewModel.swift in Sources */ = {isa = PBXBuildFile; fileRef = 1AC5F0031C23456800ABCDEF /* SearchViewModel.swift */; };
		1AC5F0041C23456800ABCDEF /* ResultRow.swift in Sources */ = {isa = PBXBuildFile; fileRef = 1AC5F0051C23456800ABCDEF /* ResultRow.swift */; };
		1AC5F0061C23456800ABCDEF /* QuickLookHelper.swift in Sources */ = {isa = PBXBuildFile; fileRef = 1AC5F0071C23456800ABCDEF /* QuickLookHelper.swift */; };
		1AFED0011C24567800ABCDE0 /* IndexCoordinator.swift in Sources */ = {isa = PBXBuildFile; fileRef = 1AFED0001C24567800ABCDE0 /* IndexCoordinator.swift */; };
		1B0E1F011D5C123400000001 /* ContentCoverageSettings.swift in Sources */ = {isa = PBXBuildFile; fileRef = 1B0E1F001D5C123400000001 /* ContentCoverageSettings.swift */; };
		1B0E1F031D5C123400000001 /* SettingsView.swift in Sources */ = {isa = PBXBuildFile; fileRef = 1B0E1F021D5C123400000001 /* SettingsView.swift */; };
		1B0E1F051D5C123400000001 /* Assets.xcassets in Resources */ = {isa = PBXBuildFile; fileRef = 1B0E1F041D5C123400000001 /* Assets.xcassets */; };
		1B0E1F071D5C123400000001 /* PurchaseManager.swift in Sources */ = {isa = PBXBuildFile; fileRef = 1B0E1F061D5C123400000001 /* PurchaseManager.swift */; };
		1B0E1F091D5C123400000001 /* SubscriptionPaywallView.swift in Sources */ = {isa = PBXBuildFile; fileRef = 1B0E1F081D5C123400000001 /* SubscriptionPaywallView.swift */; };
/* End PBXBuildFile section */

/* Begin PBXFileReference section */
		1A3B3F151BE9D4F200C5A7C5 /* MySearchBuddy.app */ = {isa = PBXFileReference; explicitFileType = wrapper.application; includeInIndex = 0; path = MySearchBuddy.app; sourceTree = BUILT_PRODUCTS_DIR; };
		1A3B3F191BE9D4F200C5A7C5 /* MySearchBuddyApp.swift */ = {isa = PBXFileReference; lastKnownFileType = sourcecode.swift; path = MySearchBuddyApp.swift; sourceTree = "<group>"; };
		1A3B3F1A1BE9D4F200C5A7C5 /* ContentView.swift */ = {isa = PBXFileReference; lastKnownFileType = sourcecode.swift; path = ContentView.swift; sourceTree = "<group>"; };
		1A3B3F1B1BE9D4F200C5A7C5 /* BookmarkStore.swift */ = {isa = PBXFileReference; lastKnownFileType = sourcecode.swift; path = BookmarkStore.swift; sourceTree = "<group>"; };
		1A3B3F1C1BE9D4F200C5A7C5 /* Info.plist */ = {isa = PBXFileReference; lastKnownFileType = text.plist.xml; path = Info.plist; sourceTree = "<group>"; };
		1A3B3F1D1BE9D4F200C5A7C5 /* MySearchBuddy.entitlements */ = {isa = PBXFileReference; lastKnownFileType = text.plist.entitlements; path = MySearchBuddy.entitlements; sourceTree = "<group>"; };
		1A3B3F271BE9D4F200C5A7C5 /* PrivacyInfo.xcprivacy */ = {isa = PBXFileReference; lastKnownFileType = text; path = PrivacyInfo.xcprivacy; sourceTree = "<group>"; };
		1AC5F0031C23456800ABCDEF /* SearchViewModel.swift */ = {isa = PBXFileReference; lastKnownFileType = sourcecode.swift; path = SearchViewModel.swift; sourceTree = "<group>"; };
		1AC5F0051C23456800ABCDEF /* ResultRow.swift */ = {isa = PBXFileReference; lastKnownFileType = sourcecode.swift; path = ResultRow.swift; sourceTree = "<group>"; };
		1AC5F0071C23456800ABCDEF /* QuickLookHelper.swift */ = {isa = PBXFileReference; lastKnownFileType = sourcecode.swift; path = QuickLookHelper.swift; sourceTree = "<group>"; };
		1AFED0001C24567800ABCDE0 /* IndexCoordinator.swift */ = {isa = PBXFileReference; lastKnownFileType = sourcecode.swift; path = IndexCoordinator.swift; sourceTree = "<group>"; };
		1B0E1F001D5C123400000001 /* ContentCoverageSettings.swift */ = {isa = PBXFileReference; lastKnownFileType = sourcecode.swift; path = ContentCoverageSettings.swift; sourceTree = "<group>"; };
		1B0E1F021D5C123400000001 /* SettingsView.swift */ = {isa = PBXFileReference; lastKnownFileType = sourcecode.swift; path = SettingsView.swift; sourceTree = "<group>"; };
		1B0E1F041D5C123400000001 /* Assets.xcassets */ = {isa = PBXFileReference; lastKnownFileType = folder.assetcatalog; path = Assets.xcassets; sourceTree = "<group>"; };
		1B0E1F061D5C123400000001 /* PurchaseManager.swift */ = {isa = PBXFileReference; lastKnownFileType = sourcecode.swift; path = PurchaseManager.swift; sourceTree = "<group>"; };
		1B0E1F081D5C123400000001 /* SubscriptionPaywallView.swift */ = {isa = PBXFileReference; lastKnownFileType = sourcecode.swift; path = SubscriptionPaywallView.swift; sourceTree = "<group>"; };
		1A3B3F2F1BE9D4F200C5A7C7 /* libfinder_core.dylib */ = {isa = PBXFileReference; lastKnownFileType = "compiled.mach-o.dylib"; name = libfinder_core.dylib; path = "../target/release/libfinder_core.dylib"; sourceTree = "<group>"; };
/* End PBXFileReference section */

/* Begin PBXCopyFilesBuildPhase section */
		1A3B3F301BE9D4F200C5A7C8 /* Embed Libraries */ = {
			isa = PBXCopyFilesBuildPhase;
			buildActionMask = 2147483647;
			dstPath = "";
			dstSubfolderSpec = 10;
			files = (
				1A3B3F2E1BE9D4F200C5A7C6 /* libfinder_core.dylib in Frameworks */,
			);
			name = "Embed Libraries";
			runOnlyForDeploymentPostprocessing = 0;
		};
/* End PBXCopyFilesBuildPhase section */

/* Begin PBXFrameworksBuildPhase section */
		1A3B3F121BE9D4F200C5A7C5 /* Frameworks */ = {
			isa = PBXFrameworksBuildPhase;
			buildActionMask = 2147483647;
			files = (
				1A3B3F2C1BE9D4F200C5A7C5 /* FinderCoreFFI in Frameworks */,
			);
			runOnlyForDeploymentPostprocessing = 0;
		};
/* End PBXFrameworksBuildPhase section */

/* Begin PBXGroup section */
		1A3B3F0C1BE9D4F200C5A7C5 = {
			isa = PBXGroup;
			children = (
				1A3B3F181BE9D4F200C5A7C5 /* MySearchBuddy */,
				1A3B3F261BE9D4F200C5A7C5 /* Resources */,
				1A3B3F161BE9D4F200C5A7C5 /* Products */,
			);
			sourceTree = "<group>";
		};
		1A3B3F161BE9D4F200C5A7C5 /* Products */ = {
			isa = PBXGroup;
			children = (
				1A3B3F151BE9D4F200C5A7C5 /* MySearchBuddy.app */,
			);
			name = Products;
			sourceTree = "<group>";
		};
		1A3B3F181BE9D4F200C5A7C5 /* MySearchBuddy */ = {
			isa = PBXGroup;
			children = (
				1B0E1F041D5C123400000001 /* Assets.xcassets */,
				1A3B3F191BE9D4F200C5A7C5 /* MySearchBuddyApp.swift */,
				1A3B3F1A1BE9D4F200C5A7C5 /* ContentView.swift */,
				1AFED0001C24567800ABCDE0 /* IndexCoordinator.swift */,
				1AC5F0031C23456800ABCDEF /* SearchViewModel.swift */,
				1AC5F0051C23456800ABCDEF /* ResultRow.swift */,
				1AC5F0071C23456800ABCDEF /* QuickLookHelper.swift */,
				1B0E1F001D5C123400000001 /* ContentCoverageSettings.swift */,
				1B0E1F021D5C123400000001 /* SettingsView.swift */,
				1B0E1F061D5C123400000001 /* PurchaseManager.swift */,
				1B0E1F081D5C123400000001 /* SubscriptionPaywallView.swift */,
				1A3B3F1B1BE9D4F200C5A7C5 /* BookmarkStore.swift */,
				1A3B3F1C1BE9D4F200C5A7C5 /* Info.plist */,
				1A3B3F1D1BE9D4F200C5A7C5 /* MySearchBuddy.entitlements */,
			);
			path = MySearchBuddy;
			sourceTree = "<group>";
		};
		1A3B3F261BE9D4F200C5A7C5 /* Resources */ = {
			isa = PBXGroup;
			children = (
				1A3B3F271BE9D4F200C5A7C5 /* PrivacyInfo.xcprivacy */,
			);
			path = Resources;
			sourceTree = SOURCE_ROOT;
		};
/* End PBXGroup section */

/* Begin PBXNativeTarget section */
		1A3B3F141BE9D4F200C5A7C5 /* MySearchBuddy */ = {
			isa = PBXNativeTarget;
			buildConfigurationList = 1A3B3F241BE9D4F200C5A7C5 /* Build configuration list for PBXNativeTarget "MySearchBuddy" */;
			buildPhases = (
				1C8128262B8B9CDE0043210F /* Build finder-core */,
				1A3B3F111BE9D4F200C5A7C5 /* Sources */,
				1A3B3F121BE9D4F200C5A7C5 /* Frameworks */,
				1A3B3F131BE9D4F200C5A7C5 /* Resources */,
				1A3B3F301BE9D4F200C5A7C8 /* Embed Libraries */,
				1A3B3F311BE9D4F200C5A7C9 /* Copy dSYM */,
			);
			buildRules = (
			);
			dependencies = (
			);
			name = MySearchBuddy;
			packageProductDependencies = (
				1A3B3F2B1BE9D4F200C5A7C5 /* FinderCoreFFI */,
			);
			productName = MySearchBuddy;
			productReference = 1A3B3F151BE9D4F200C5A7C5 /* MySearchBuddy.app */;
			productType = "com.apple.product-type.application";
		};
/* End PBXNativeTarget section */

/* Begin PBXProject section */
		1A3B3F0D1BE9D4F200C5A7C5 /* Project object */ = {
			isa = PBXProject;
			attributes = {
				BuildIndependentTargetsInParallel = 1;
				LastSwiftUpdateCheck = 1500;
				LastUpgradeCheck = 2600;
				ORGANIZATIONNAME = "My Search Buddy";
			};
			buildConfigurationList = 1A3B3F101BE9D4F200C5A7C5 /* Build configuration list for PBXProject "MySearchBuddy" */;
			compatibilityVersion = "Xcode 14.0";
			developmentRegion = en;
			hasScannedForEncodings = 0;
			knownRegions = (
				en,
			);
			mainGroup = 1A3B3F0C1BE9D4F200C5A7C5;
			packageReferences = (
				1A3B3F2D1BE9D4F200C5A7C5 /* XCLocalSwiftPackageReference "Packages/FinderCoreFFI" */,
			);
			productRefGroup = 1A3B3F161BE9D4F200C5A7C5 /* Products */;
			projectDirPath = "";
			projectRoot = "";
			targets = (
				1A3B3F141BE9D4F200C5A7C5 /* MySearchBuddy */,
			);
		};
/* End PBXProject section */

/* Begin PBXResourcesBuildPhase section */
		1A3B3F131BE9D4F200C5A7C5 /* Resources */ = {
			isa = PBXResourcesBuildPhase;
			buildActionMask = 2147483647;
			files = (
				1B0E1F051D5C123400000001 /* Assets.xcassets in Resources */,
				1A3B3F281BE9D4F200C5A7C5 /* PrivacyInfo.xcprivacy in Resources */,
			);
			runOnlyForDeploymentPostprocessing = 0;
		};
/* End PBXResourcesBuildPhase section */

/* Begin PBXShellScriptBuildPhase section */
		1C8128262B8B9CDE0043210F /* Build finder-core */ = {
			isa = PBXShellScriptBuildPhase;
			buildActionMask = 2147483647;
			files = (
			);
			inputFileListPaths = (
			);
			inputPaths = (
				"$(SRCROOT)/../finder-core/Cargo.toml",
			);
			name = "Build finder-core";
			outputFileListPaths = (
			);
			outputPaths = (
				"$(SRCROOT)/../target/release/libfinder_core.dylib",
				"$(SRCROOT)/../target/release/libfinder_core.dylib.dSYM",
			);
			runOnlyForDeploymentPostprocessing = 0;
			shellPath = /bin/sh;
			shellScript = "cd \"$SRCROOT/..\"\n./scripts/build_finder_core_universal.sh\n";
		};
		1A3B3F311BE9D4F200C5A7C9 /* Copy dSYM */ = {
			isa = PBXShellScriptBuildPhase;
			buildActionMask = 2147483647;
			files = (
			);
			inputFileListPaths = (
			);
			inputPaths = (
			);
			name = "Copy dSYM";
			outputFileListPaths = (
			);
			outputPaths = (
			);
			runOnlyForDeploymentPostprocessing = 1;
			shellPath = /bin/sh;
			shellScript = "# Copy dSYM for archiving (runs during Archive only)\nset -e\n\nDSYM_SRC=\"${SRCROOT}/../target/release/libfinder_core.dylib.dSYM\"\nDSYM_DEST=\"${TARGET_BUILD_DIR}/libfinder_core.dylib.dSYM\"\n\nif [ -d \"$DSYM_SRC\" ]; then\n  echo \"Copying dSYM from $DSYM_SRC to $DSYM_DEST\"\n  ditto \"$DSYM_SRC\" \"$DSYM_DEST\"\n  echo \"dSYM copied successfully\"\nelse\n  echo \"Warning: dSYM not found at $DSYM_SRC\"\nfi\n";
		};
/* End PBXShellScriptBuildPhase section */

/* Begin PBXSourcesBuildPhase section */
		1A3B3F111BE9D4F200C5A7C5 /* Sources */ = {
			isa = PBXSourcesBuildPhase;
			buildActionMask = 2147483647;
			files = (
				1AC5F0061C23456800ABCDEF /* QuickLookHelper.swift in Sources */,
				1A3B3F201BE9D4F200C5A7C5 /* MySearchBuddyApp.swift in Sources */,
				1A3B3F211BE9D4F200C5A7C5 /* ContentView.swift in Sources */,
				1AC5F0041C23456800ABCDEF /* ResultRow.swift in Sources */,
				1AC5F0021C23456800ABCDEF /* SearchViewModel.swift in Sources */,
				1AFED0011C24567800ABCDE0 /* IndexCoordinator.swift in Sources */,
				1B0E1F071D5C123400000001 /* PurchaseManager.swift in Sources */,
				1B0E1F091D5C123400000001 /* SubscriptionPaywallView.swift in Sources */,
				1B0E1F011D5C123400000001 /* ContentCoverageSettings.swift in Sources */,
				1B0E1F031D5C123400000001 /* SettingsView.swift in Sources */,
				1A3B3F221BE9D4F200C5A7C5 /* BookmarkStore.swift in Sources */,
			);
			runOnlyForDeploymentPostprocessing = 0;
		};
/* End PBXSourcesBuildPhase section */

/* Begin XCBuildConfiguration section */
		1A3B3F231BE9D4F200C5A7C5 /* Debug */ = {
			isa = XCBuildConfiguration;
			buildSettings = {
				ALWAYS_SEARCH_USER_PATHS = NO;
				CLANG_ANALYZER_NONNULL = YES;
				CLANG_ANALYZER_NUMBER_OBJECT_CONVERSION = YES_AGGRESSIVE;
				CLANG_CXX_LANGUAGE_STANDARD = "gnu++20";
				CLANG_ENABLE_MODULES = YES;
				CLANG_ENABLE_OBJC_ARC = YES;
				CLANG_WARN_BLOCK_CAPTURE_AUTORELEASING = YES;
				CLANG_WARN_BOOL_CONVERSION = YES;
				CLANG_WARN_COMMA = YES;
				CLANG_WARN_CONSTANT_CONVERSION = YES;
				CLANG_WARN_DEPRECATED_OBJC_IMPLEMENTATIONS = YES;
				CLANG_WARN_DIRECT_OBJC_ISA_USAGE = YES_ERROR;
				CLANG_WARN_DOCUMENTATION_COMMENTS = YES;
				CLANG_WARN_EMPTY_BODY = YES;
				CLANG_WARN_ENUM_CONVERSION = YES;
				CLANG_WARN_INFINITE_RECURSION = YES;
				CLANG_WARN_INT_CONVERSION = YES;
				CLANG_WARN_NON_LITERAL_NULL_CONVERSION = YES;
				CLANG_WARN_OBJC_IMPLICIT_RETAIN_SELF = YES;
				CLANG_WARN_OBJC_LITERAL_CONVERSION = YES;
				CLANG_WARN_OBJC_ROOT_CLASS = YES_ERROR;
				CLANG_WARN_QUOTED_INCLUDE_IN_FRAMEWORK_HEADER = YES;
				CLANG_WARN_RANGE_LOOP_ANALYSIS = YES;
				CLANG_WARN_STRICT_PROTOTYPES = YES;
				CLANG_WARN_SUSPICIOUS_MOVE = YES;
				CLANG_WARN_UNREACHABLE_CODE = YES;
				CLANG_WARN__DUPLICATE_METHOD_MATCH = YES;
				CODE_SIGN_STYLE = Automatic;
				COPY_PHASE_STRIP = NO;
				DEAD_CODE_STRIPPING = YES;
				DEBUG_INFORMATION_FORMAT = dwarf;
				ENABLE_STRICT_OBJC_MSGSEND = YES;
				ENABLE_TESTABILITY = YES;
				ENABLE_USER_SCRIPT_SANDBOXING = YES;
				GCC_C_LANGUAGE_STANDARD = gnu11;
				GCC_DYNAMIC_NO_PIC = NO;
				GCC_NO_COMMON_BLOCKS = YES;
				GCC_OPTIMIZATION_LEVEL = 0;
				GCC_PREPROCESSOR_DEFINITIONS = (
					"DEBUG=1",
					"$(inherited)",
				);
				GCC_WARN_64_TO_32_BIT_CONVERSION = YES;
				GCC_WARN_ABOUT_RETURN_TYPE = YES_ERROR;
				GCC_WARN_UNDECLARED_SELECTOR = YES;
				GCC_WARN_UNINITIALIZED_AUTOS = YES_AGGRESSIVE;
				GCC_WARN_UNUSED_FUNCTION = YES;
				GCC_WARN_UNUSED_VARIABLE = YES;
				"LIBRARY_SEARCH_PATHS[arch=*]" = "$(PROJECT_DIR)/../target/debug";
				MACOSX_DEPLOYMENT_TARGET = 13.0;
				MTL_ENABLE_DEBUG_INFO = INCLUDE_SOURCE;
				ONLY_ACTIVE_ARCH = YES;
				PRODUCT_NAME = "$(TARGET_NAME)";
				STRING_CATALOG_GENERATE_SYMBOLS = YES;
				SWIFT_ACTIVE_COMPILATION_CONDITIONS = DEBUG;
				SWIFT_OPTIMIZATION_LEVEL = "-Onone";
				SWIFT_VERSION = 5.9;
				USE_HEADERMAP = YES;
			};
			name = Debug;
		};
		1A3B3F251BE9D4F200C5A7C5 /* Release */ = {
			isa = XCBuildConfiguration;
			buildSettings = {
				ALWAYS_SEARCH_USER_PATHS = NO;
				CLANG_ANALYZER_NONNULL = YES;
				CLANG_ANALYZER_NUMBER_OBJECT_CONVERSION = YES_AGGRESSIVE;
				CLANG_CXX_LANGUAGE_STANDARD = "gnu++20";
				CLANG_ENABLE_MODULES = YES;
				CLANG_ENABLE_OBJC_ARC = YES;
				CLANG_WARN_BLOCK_CAPTURE_AUTORELEASING = YES;
				CLANG_WARN_BOOL_CONVERSION = YES;
				CLANG_WARN_COMMA = YES;
				CLANG_WARN_CONSTANT_CONVERSION = YES;
				CLANG_WARN_DEPRECATED_OBJC_IMPLEMENTATIONS = YES;
				CLANG_WARN_DIRECT_OBJC_ISA_USAGE = YES_ERROR;
				CLANG_WARN_DOCUMENTATION_COMMENTS = YES;
				CLANG_WARN_EMPTY_BODY = YES;
				CLANG_WARN_ENUM_CONVERSION = YES;
				CLANG_WARN_INFINITE_RECURSION = YES;
				CLANG_WARN_INT_CONVERSION = YES;
				CLANG_WARN_NON_LITERAL_NULL_CONVERSION = YES;
				CLANG_WARN_OBJC_IMPLICIT_RETAIN_SELF = YES;
				CLANG_WARN_OBJC_LITERAL_CONVERSION = YES;
				CLANG_WARN_OBJC_ROOT_CLASS = YES_ERROR;
				CLANG_WARN_QUOTED_INCLUDE_IN_FRAMEWORK_HEADER = YES;
				CLANG_WARN_RANGE_LOOP_ANALYSIS = YES;
				CLANG_WARN_STRICT_PROTOTYPES = YES;
				CLANG_WARN_SUSPICIOUS_MOVE = YES;
				CLANG_WARN_UNREACHABLE_CODE = YES;
				CLANG_WARN__DUPLICATE_METHOD_MATCH = YES;
				CODE_SIGN_STYLE = Automatic;
				COPY_PHASE_STRIP = NO;
				DEAD_CODE_STRIPPING = YES;
				DEBUG_INFORMATION_FORMAT = "dwarf-with-dsym";
				ENABLE_NS_ASSERTIONS = NO;
				ENABLE_STRICT_OBJC_MSGSEND = YES;
				ENABLE_USER_SCRIPT_SANDBOXING = YES;
				GCC_C_LANGUAGE_STANDARD = gnu11;
				GCC_NO_COMMON_BLOCKS = YES;
				GCC_OPTIMIZATION_LEVEL = s;
				GCC_WARN_64_TO_32_BIT_CONVERSION = YES;
				GCC_WARN_ABOUT_RETURN_TYPE = YES_ERROR;
				GCC_WARN_UNDECLARED_SELECTOR = YES;
				GCC_WARN_UNINITIALIZED_AUTOS = YES_AGGRESSIVE;
				GCC_WARN_UNUSED_FUNCTION = YES;
				GCC_WARN_UNUSED_VARIABLE = YES;
				LD_RUNPATH_SEARCH_PATHS = (
					"$(inherited)",
					"@executable_path/../Frameworks",
				);
				"LIBRARY_SEARCH_PATHS[arch=*]" = "$(PROJECT_DIR)/../target/release";
				LLVM_LTO = YES;
				MACOSX_DEPLOYMENT_TARGET = 13.0;
				MTL_ENABLE_DEBUG_INFO = NO;
				STRING_CATALOG_GENERATE_SYMBOLS = YES;
				SWIFT_COMPILATION_MODE = wholemodule;
				SWIFT_OPTIMIZATION_LEVEL = "-O";
				SWIFT_VERSION = 5.9;
				USE_HEADERMAP = YES;
				VALIDATE_PRODUCT = YES;
			};
			name = Release;
		};
		1A3B3F291BE9D4F200C5A7C5 /* Debug */ = {
			isa = XCBuildConfiguration;
			buildSettings = {
				ASSETCATALOG_COMPILER_APPICON_NAME = AppIcon;
				CODE_SIGN_ENTITLEMENTS = MySearchBuddy/MySearchBuddy.entitlements;
				CODE_SIGN_STYLE = Automatic;
				COMBINE_HIDPI_IMAGES = YES;
				CURRENT_PROJECT_VERSION = 2;
				DEAD_CODE_STRIPPING = YES;
				DEVELOPMENT_TEAM = 55ZF693MYG;
				ENABLE_APP_SANDBOX = YES;
				ENABLE_HARDENED_RUNTIME = YES;
				ENABLE_USER_SELECTED_FILES = readwrite;
				GENERATE_INFOPLIST_FILE = NO;
				INFOPLIST_FILE = MySearchBuddy/Info.plist;
				LD_RUNPATH_SEARCH_PATHS = (
					"$(inherited)",
					"@executable_path/../Frameworks",
				);
				MACOSX_DEPLOYMENT_TARGET = 13.0;
				MARKETING_VERSION = 0.3.1;
				PRODUCT_BUNDLE_IDENTIFIER = app.mysearchbuddy.mac;
				PRODUCT_NAME = "$(TARGET_NAME)";
				SDKROOT = macosx;
				SUPPORTS_MACCATALYST = NO;
				SWIFT_EMIT_LOC_STRINGS = YES;
				SWIFT_VERSION = 5.9;
			};
			name = Debug;
		};
		1A3B3F2A1BE9D4F200C5A7C5 /* Release */ = {
			isa = XCBuildConfiguration;
			buildSettings = {
				ASSETCATALOG_COMPILER_APPICON_NAME = AppIcon;
				CODE_SIGN_ENTITLEMENTS = MySearchBuddy/MySearchBuddy.entitlements;
				"CODE_SIGN_IDENTITY[sdk=macosx*]" = "Apple Development";
				CODE_SIGN_STYLE = Automatic;
				COMBINE_HIDPI_IMAGES = YES;
				CURRENT_PROJECT_VERSION = 2;
				DEAD_CODE_STRIPPING = YES;
				DEVELOPMENT_TEAM = 55ZF693MYG;
				ENABLE_APP_SANDBOX = YES;
				ENABLE_HARDENED_RUNTIME = YES;
				ENABLE_USER_SELECTED_FILES = readwrite;
				GENERATE_INFOPLIST_FILE = NO;
				INFOPLIST_FILE = MySearchBuddy/Info.plist;
				LD_RUNPATH_SEARCH_PATHS = (
					"$(inherited)",
					"@executable_path/../Frameworks",
				);
				MACOSX_DEPLOYMENT_TARGET = 13.0;
				MARKETING_VERSION = 0.3.1;
				PRODUCT_BUNDLE_IDENTIFIER = app.mysearchbuddy.mac;
				PRODUCT_NAME = "$(TARGET_NAME)";
				SDKROOT = macosx;
				SUPPORTS_MACCATALYST = NO;
				SWIFT_EMIT_LOC_STRINGS = YES;
				SWIFT_VERSION = 5.9;
			};
			name = Release;
		};
/* End XCBuildConfiguration section */

/* Begin XCConfigurationList section */
		1A3B3F101BE9D4F200C5A7C5 /* Build configuration list for PBXProject "MySearchBuddy" */ = {
			isa = XCConfigurationList;
			buildConfigurations = (
				1A3B3F231BE9D4F200C5A7C5 /* Debug */,
				1A3B3F251BE9D4F200C5A7C5 /* Release */,
			);
			defaultConfigurationIsVisible = 0;
			defaultConfigurationName = Debug;
		};
		1A3B3F241BE9D4F200C5A7C5 /* Build configuration list for PBXNativeTarget "MySearchBuddy" */ = {
			isa = XCConfigurationList;
			buildConfigurations = (
				1A3B3F291BE9D4F200C5A7C5 /* Debug */,
				1A3B3F2A1BE9D4F200C5A7C5 /* Release */,
			);
			defaultConfigurationIsVisible = 0;
			defaultConfigurationName = Debug;
		};
/* End XCConfigurationList section */

/* Begin XCLocalSwiftPackageReference section */
		1A3B3F2D1BE9D4F200C5A7C5 /* XCLocalSwiftPackageReference "Packages/FinderCoreFFI" */ = {
			isa = XCLocalSwiftPackageReference;
			relativePath = Packages/FinderCoreFFI;
		};
/* End XCLocalSwiftPackageReference section */

/* Begin XCSwiftPackageProductDependency section */
		1A3B3F2B1BE9D4F200C5A7C5 /* FinderCoreFFI */ = {
			isa = XCSwiftPackageProductDependency;
			productName = FinderCoreFFI;
		};
/* End XCSwiftPackageProductDependency section */
	};
	rootObject = 1A3B3F0D1BE9D4F200C5A7C5 /* Project object */;
}
